// !$*UTF8*$!
{
	archiveVersion = 1;
	classes = {
	};
	objectVersion = 55;
	objects = {

/* Begin PBXBuildFile section */
		1534A8AC28DBAA4C00AD4E03 /* PersonalSwifGuide___UIkit___SwiftUIApp.swift in Sources */ = {isa = PBXBuildFile; fileRef = 1534A8AB28DBAA4C00AD4E03 /* PersonalSwifGuide___UIkit___SwiftUIApp.swift */; };
		1534A8AE28DBAA4C00AD4E03 /* ContentView.swift in Sources */ = {isa = PBXBuildFile; fileRef = 1534A8AD28DBAA4C00AD4E03 /* ContentView.swift */; };
		1534A8B028DBAA5000AD4E03 /* Assets.xcassets in Resources */ = {isa = PBXBuildFile; fileRef = 1534A8AF28DBAA5000AD4E03 /* Assets.xcassets */; };
		1534A8BC28DBABB200AD4E03 /* DataModelExample.xcdatamodeld in Sources */ = {isa = PBXBuildFile; fileRef = 1534A8BA28DBABB100AD4E03 /* DataModelExample.xcdatamodeld */; };
		1534A8BE28DBAC1200AD4E03 /* DataController.swift in Sources */ = {isa = PBXBuildFile; fileRef = 1534A8BD28DBAC1200AD4E03 /* DataController.swift */; };
		1534A8C128DBB77400AD4E03 /* MVVMview.swift in Sources */ = {isa = PBXBuildFile; fileRef = 1534A8C028DBB77400AD4E03 /* MVVMview.swift */; };
		1534A8C428DCC83D00AD4E03 /* LinkedLists.swift in Sources */ = {isa = PBXBuildFile; fileRef = 1534A8C328DCC83D00AD4E03 /* LinkedLists.swift */; };
		15980CD72912D8CC003BB139 /* API.swift in Sources */ = {isa = PBXBuildFile; fileRef = 15980CD62912D8CC003BB139 /* API.swift */; };
/* End PBXBuildFile section */

/* Begin PBXFileReference section */
		1534A8A828DBAA4C00AD4E03 /* PersonalSwifGuide - UIkit - SwiftUI.app */ = {isa = PBXFileReference; explicitFileType = wrapper.application; includeInIndex = 0; path = "PersonalSwifGuide - UIkit - SwiftUI.app"; sourceTree = BUILT_PRODUCTS_DIR; };
		1534A8AB28DBAA4C00AD4E03 /* PersonalSwifGuide___UIkit___SwiftUIApp.swift */ = {isa = PBXFileReference; lastKnownFileType = sourcecode.swift; path = "PersonalSwifGuide___UIkit___SwiftUIApp.swift"; sourceTree = "<group>"; };
		1534A8AD28DBAA4C00AD4E03 /* ContentView.swift */ = {isa = PBXFileReference; lastKnownFileType = sourcecode.swift; path = ContentView.swift; sourceTree = "<group>"; };
		1534A8AF28DBAA5000AD4E03 /* Assets.xcassets */ = {isa = PBXFileReference; lastKnownFileType = folder.assetcatalog; path = Assets.xcassets; sourceTree = "<group>"; };
		1534A8BB28DBABB200AD4E03 /* DataModelExample.xcdatamodel */ = {isa = PBXFileReference; lastKnownFileType = wrapper.xcdatamodel; path = DataModelExample.xcdatamodel; sourceTree = "<group>"; };
		1534A8BD28DBAC1200AD4E03 /* DataController.swift */ = {isa = PBXFileReference; lastKnownFileType = sourcecode.swift; path = DataController.swift; sourceTree = "<group>"; };
		1534A8C028DBB77400AD4E03 /* MVVMview.swift */ = {isa = PBXFileReference; lastKnownFileType = sourcecode.swift; path = MVVMview.swift; sourceTree = "<group>"; };
		1534A8C328DCC83D00AD4E03 /* LinkedLists.swift */ = {isa = PBXFileReference; lastKnownFileType = sourcecode.swift; path = LinkedLists.swift; sourceTree = "<group>"; };
		15980CD62912D8CC003BB139 /* API.swift */ = {isa = PBXFileReference; lastKnownFileType = sourcecode.swift; path = API.swift; sourceTree = "<group>"; };
/* End PBXFileReference section */

/* Begin PBXFrameworksBuildPhase section */
		1534A8A528DBAA4C00AD4E03 /* Frameworks */ = {
			isa = PBXFrameworksBuildPhase;
			buildActionMask = 2147483647;
			files = (
			);
			runOnlyForDeploymentPostprocessing = 0;
		};
/* End PBXFrameworksBuildPhase section */

/* Begin PBXGroup section */
		1534A89F28DBAA4C00AD4E03 = {
			isa = PBXGroup;
			children = (
				1534A8AB28DBAA4C00AD4E03 /* PersonalSwifGuide___UIkit___SwiftUIApp.swift */,
				1534A8C228DCC82800AD4E03 /* LinkedLists */,
				1534A8B928DBAA9000AD4E03 /* CoreData */,
				1534A8BF28DBB71E00AD4E03 /* MVVM architecture */,
				15980CD82912E4E7003BB139 /* API */,
				1534A8AF28DBAA5000AD4E03 /* Assets.xcassets */,
				1534A8A928DBAA4C00AD4E03 /* Products */,
			);
			sourceTree = "<group>";
		};
		1534A8A928DBAA4C00AD4E03 /* Products */ = {
			isa = PBXGroup;
			children = (
				1534A8A828DBAA4C00AD4E03 /* PersonalSwifGuide - UIkit - SwiftUI.app */,
			);
			name = Products;
			sourceTree = "<group>";
		};
		1534A8B928DBAA9000AD4E03 /* CoreData */ = {
			isa = PBXGroup;
			children = (
				1534A8AD28DBAA4C00AD4E03 /* ContentView.swift */,
				1534A8BD28DBAC1200AD4E03 /* DataController.swift */,
				1534A8BA28DBABB100AD4E03 /* DataModelExample.xcdatamodeld */,
			);
			path = CoreData;
			sourceTree = "<group>";
		};
		1534A8BF28DBB71E00AD4E03 /* MVVM architecture */ = {
			isa = PBXGroup;
			children = (
				1534A8C028DBB77400AD4E03 /* MVVMview.swift */,
			);
			path = "MVVM architecture";
			sourceTree = "<group>";
		};
		1534A8C228DCC82800AD4E03 /* LinkedLists */ = {
			isa = PBXGroup;
			children = (
				1534A8C328DCC83D00AD4E03 /* LinkedLists.swift */,
			);
			path = LinkedLists;
			sourceTree = "<group>";
		};
		15980CD82912E4E7003BB139 /* API */ = {
			isa = PBXGroup;
			children = (
				15980CD62912D8CC003BB139 /* API.swift */,
			);
			path = API;
			sourceTree = "<group>";
		};
/* End PBXGroup section */

/* Begin PBXNativeTarget section */
		1534A8A728DBAA4C00AD4E03 /* PersonalSwifGuide - UIkit - SwiftUI */ = {
			isa = PBXNativeTarget;
			buildConfigurationList = 1534A8B628DBAA5000AD4E03 /* Build configuration list for PBXNativeTarget "PersonalSwifGuide - UIkit - SwiftUI" */;
			buildPhases = (
				1534A8A428DBAA4C00AD4E03 /* Sources */,
				1534A8A528DBAA4C00AD4E03 /* Frameworks */,
				1534A8A628DBAA4C00AD4E03 /* Resources */,
			);
			buildRules = (
			);
			dependencies = (
			);
			name = "PersonalSwifGuide - UIkit - SwiftUI";
			productName = "PersonalSwifGuide - UIkit - SwiftUI";
			productReference = 1534A8A828DBAA4C00AD4E03 /* PersonalSwifGuide - UIkit - SwiftUI.app */;
			productType = "com.apple.product-type.application";
		};
/* End PBXNativeTarget section */

/* Begin PBXProject section */
		1534A8A028DBAA4C00AD4E03 /* Project object */ = {
			isa = PBXProject;
			attributes = {
				BuildIndependentTargetsInParallel = 1;
				LastSwiftUpdateCheck = 1320;
				LastUpgradeCheck = 1320;
				TargetAttributes = {
					1534A8A728DBAA4C00AD4E03 = {
						CreatedOnToolsVersion = 13.2.1;
					};
				};
			};
			buildConfigurationList = 1534A8A328DBAA4C00AD4E03 /* Build configuration list for PBXProject "PersonalSwifGuide - UIkit - SwiftUI" */;
			compatibilityVersion = "Xcode 13.0";
			developmentRegion = en;
			hasScannedForEncodings = 0;
			knownRegions = (
				en,
				Base,
			);
			mainGroup = 1534A89F28DBAA4C00AD4E03;
			productRefGroup = 1534A8A928DBAA4C00AD4E03 /* Products */;
			projectDirPath = "";
			projectRoot = "";
			targets = (
				1534A8A728DBAA4C00AD4E03 /* PersonalSwifGuide - UIkit - SwiftUI */,
			);
		};
/* End PBXProject section */

/* Begin PBXResourcesBuildPhase section */
		1534A8A628DBAA4C00AD4E03 /* Resources */ = {
			isa = PBXResourcesBuildPhase;
			buildActionMask = 2147483647;
			files = (
				1534A8B028DBAA5000AD4E03 /* Assets.xcassets in Resources */,
			);
			runOnlyForDeploymentPostprocessing = 0;
		};
/* End PBXResourcesBuildPhase section */

/* Begin PBXSourcesBuildPhase section */
		1534A8A428DBAA4C00AD4E03 /* Sources */ = {
			isa = PBXSourcesBuildPhase;
			buildActionMask = 2147483647;
			files = (
				1534A8C428DCC83D00AD4E03 /* LinkedLists.swift in Sources */,
				1534A8BC28DBABB200AD4E03 /* DataModelExample.xcdatamodeld in Sources */,
				1534A8BE28DBAC1200AD4E03 /* DataController.swift in Sources */,
				1534A8C128DBB77400AD4E03 /* MVVMview.swift in Sources */,
				1534A8AE28DBAA4C00AD4E03 /* ContentView.swift in Sources */,
				1534A8AC28DBAA4C00AD4E03 /* PersonalSwifGuide___UIkit___SwiftUIApp.swift in Sources */,
				15980CD72912D8CC003BB139 /* API.swift in Sources */,
			);
			runOnlyForDeploymentPostprocessing = 0;
		};
/* End PBXSourcesBuildPhase section */

/* Begin XCBuildConfiguration section */
		1534A8B428DBAA5000AD4E03 /* Debug */ = {
			isa = XCBuildConfiguration;
			buildSettings = {
				ALWAYS_SEARCH_USER_PATHS = NO;
				CLANG_ANALYZER_NONNULL = YES;
				CLANG_ANALYZER_NUMBER_OBJECT_CONVERSION = YES_AGGRESSIVE;
				CLANG_CXX_LANGUAGE_STANDARD = "gnu++17";
				CLANG_CXX_LIBRARY = "libc++";
				CLANG_ENABLE_MODULES = YES;
				CLANG_ENABLE_OBJC_ARC = YES;
				CLANG_ENABLE_OBJC_WEAK = YES;
				CLANG_WARN_BLOCK_CAPTURE_AUTORELEASING = YES;
				CLANG_WARN_BOOL_CONVERSION = YES;
				CLANG_WARN_COMMA = YES;
				CLANG_WARN_CONSTANT_CONVERSION = YES;
				CLANG_WARN_DEPRECATED_OBJC_IMPLEMENTATIONS = YES;
				CLANG_WARN_DIRECT_OBJC_ISA_USAGE = YES_ERROR;
				CLANG_WARN_DOCUMENTATION_COMMENTS = YES;
				CLANG_WARN_EMPTY_BODY = YES;
				CLANG_WARN_ENUM_CONVERSION = YES;
				CLANG_WARN_INFINITE_RECURSION = YES;
				CLANG_WARN_INT_CONVERSION = YES;
				CLANG_WARN_NON_LITERAL_NULL_CONVERSION = YES;
				CLANG_WARN_OBJC_IMPLICIT_RETAIN_SELF = YES;
				CLANG_WARN_OBJC_LITERAL_CONVERSION = YES;
				CLANG_WARN_OBJC_ROOT_CLASS = YES_ERROR;
				CLANG_WARN_QUOTED_INCLUDE_IN_FRAMEWORK_HEADER = YES;
				CLANG_WARN_RANGE_LOOP_ANALYSIS = YES;
				CLANG_WARN_STRICT_PROTOTYPES = YES;
				CLANG_WARN_SUSPICIOUS_MOVE = YES;
				CLANG_WARN_UNGUARDED_AVAILABILITY = YES_AGGRESSIVE;
				CLANG_WARN_UNREACHABLE_CODE = YES;
				CLANG_WARN__DUPLICATE_METHOD_MATCH = YES;
				COPY_PHASE_STRIP = NO;
				DEBUG_INFORMATION_FORMAT = dwarf;
				ENABLE_STRICT_OBJC_MSGSEND = YES;
				ENABLE_TESTABILITY = YES;
				GCC_C_LANGUAGE_STANDARD = gnu11;
				GCC_DYNAMIC_NO_PIC = NO;
				GCC_NO_COMMON_BLOCKS = YES;
				GCC_OPTIMIZATION_LEVEL = 0;
				GCC_PREPROCESSOR_DEFINITIONS = (
					"DEBUG=1",
					"$(inherited)",
				);
				GCC_WARN_64_TO_32_BIT_CONVERSION = YES;
				GCC_WARN_ABOUT_RETURN_TYPE = YES_ERROR;
				GCC_WARN_UNDECLARED_SELECTOR = YES;
				GCC_WARN_UNINITIALIZED_AUTOS = YES_AGGRESSIVE;
				GCC_WARN_UNUSED_FUNCTION = YES;
				GCC_WARN_UNUSED_VARIABLE = YES;
				IPHONEOS_DEPLOYMENT_TARGET = 15.2;
				MTL_ENABLE_DEBUG_INFO = INCLUDE_SOURCE;
				MTL_FAST_MATH = YES;
				ONLY_ACTIVE_ARCH = YES;
				SDKROOT = iphoneos;
				SWIFT_ACTIVE_COMPILATION_CONDITIONS = DEBUG;
				SWIFT_OPTIMIZATION_LEVEL = "-Onone";
			};
			name = Debug;
		};
		1534A8B528DBAA5000AD4E03 /* Release */ = {
			isa = XCBuildConfiguration;
			buildSettings = {
				ALWAYS_SEARCH_USER_PATHS = NO;
				CLANG_ANALYZER_NONNULL = YES;
				CLANG_ANALYZER_NUMBER_OBJECT_CONVERSION = YES_AGGRESSIVE;
				CLANG_CXX_LANGUAGE_STANDARD = "gnu++17";
				CLANG_CXX_LIBRARY = "libc++";
				CLANG_ENABLE_MODULES = YES;
				CLANG_ENABLE_OBJC_ARC = YES;
				CLANG_ENABLE_OBJC_WEAK = YES;
				CLANG_WARN_BLOCK_CAPTURE_AUTORELEASING = YES;
				CLANG_WARN_BOOL_CONVERSION = YES;
				CLANG_WARN_COMMA = YES;
				CLANG_WARN_CONSTANT_CONVERSION = YES;
				CLANG_WARN_DEPRECATED_OBJC_IMPLEMENTATIONS = YES;
				CLANG_WARN_DIRECT_OBJC_ISA_USAGE = YES_ERROR;
				CLANG_WARN_DOCUMENTATION_COMMENTS = YES;
				CLANG_WARN_EMPTY_BODY = YES;
				CLANG_WARN_ENUM_CONVERSION = YES;
				CLANG_WARN_INFINITE_RECURSION = YES;
				CLANG_WARN_INT_CONVERSION = YES;
				CLANG_WARN_NON_LITERAL_NULL_CONVERSION = YES;
				CLANG_WARN_OBJC_IMPLICIT_RETAIN_SELF = YES;
				CLANG_WARN_OBJC_LITERAL_CONVERSION = YES;
				CLANG_WARN_OBJC_ROOT_CLASS = YES_ERROR;
				CLANG_WARN_QUOTED_INCLUDE_IN_FRAMEWORK_HEADER = YES;
				CLANG_WARN_RANGE_LOOP_ANALYSIS = YES;
				CLANG_WARN_STRICT_PROTOTYPES = YES;
				CLANG_WARN_SUSPICIOUS_MOVE = YES;
				CLANG_WARN_UNGUARDED_AVAILABILITY = YES_AGGRESSIVE;
				CLANG_WARN_UNREACHABLE_CODE = YES;
				CLANG_WARN__DUPLICATE_METHOD_MATCH = YES;
				COPY_PHASE_STRIP = NO;
				DEBUG_INFORMATION_FORMAT = "dwarf-with-dsym";
				ENABLE_NS_ASSERTIONS = NO;
				ENABLE_STRICT_OBJC_MSGSEND = YES;
				GCC_C_LANGUAGE_STANDARD = gnu11;
				GCC_NO_COMMON_BLOCKS = YES;
				GCC_WARN_64_TO_32_BIT_CONVERSION = YES;
				GCC_WARN_ABOUT_RETURN_TYPE = YES_ERROR;
				GCC_WARN_UNDECLARED_SELECTOR = YES;
				GCC_WARN_UNINITIALIZED_AUTOS = YES_AGGRESSIVE;
				GCC_WARN_UNUSED_FUNCTION = YES;
				GCC_WARN_UNUSED_VARIABLE = YES;
				IPHONEOS_DEPLOYMENT_TARGET = 15.2;
				MTL_ENABLE_DEBUG_INFO = NO;
				MTL_FAST_MATH = YES;
				SDKROOT = iphoneos;
				SWIFT_COMPILATION_MODE = wholemodule;
				SWIFT_OPTIMIZATION_LEVEL = "-O";
				VALIDATE_PRODUCT = YES;
			};
			name = Release;
		};
		1534A8B728DBAA5000AD4E03 /* Debug */ = {
			isa = XCBuildConfiguration;
			buildSettings = {
				ASSETCATALOG_COMPILER_APPICON_NAME = AppIcon;
				ASSETCATALOG_COMPILER_GLOBAL_ACCENT_COLOR_NAME = AccentColor;
				CODE_SIGN_STYLE = Automatic;
				CURRENT_PROJECT_VERSION = 1;
				DEVELOPMENT_ASSET_PATHS = "\"PersonalSwifGuide - UIkit - SwiftUI/Preview Content\"";
				DEVELOPMENT_TEAM = 895264CP6B;
				ENABLE_PREVIEWS = YES;
				GENERATE_INFOPLIST_FILE = YES;
				INFOPLIST_KEY_UIApplicationSceneManifest_Generation = YES;
				INFOPLIST_KEY_UIApplicationSupportsIndirectInputEvents = YES;
				INFOPLIST_KEY_UILaunchScreen_Generation = YES;
				INFOPLIST_KEY_UISupportedInterfaceOrientations_iPad = "UIInterfaceOrientationPortrait UIInterfaceOrientationPortraitUpsideDown UIInterfaceOrientationLandscapeLeft UIInterfaceOrientationLandscapeRight";
				INFOPLIST_KEY_UISupportedInterfaceOrientations_iPhone = "UIInterfaceOrientationPortrait UIInterfaceOrientationLandscapeLeft UIInterfaceOrientationLandscapeRight";
				LD_RUNPATH_SEARCH_PATHS = (
					"$(inherited)",
					"@executable_path/Frameworks",
				);
				MARKETING_VERSION = 1.0;
				PRODUCT_BUNDLE_IDENTIFIER = "brunosapp.PersonalSwifGuide---UIkit---SwiftUI";
				PRODUCT_NAME = "$(TARGET_NAME)";
				SWIFT_EMIT_LOC_STRINGS = YES;
				SWIFT_VERSION = 5.0;
				TARGETED_DEVICE_FAMILY = "1,2";
			};
			name = Debug;
		};
		1534A8B828DBAA5000AD4E03 /* Release */ = {
			isa = XCBuildConfiguration;
			buildSettings = {
				ASSETCATALOG_COMPILER_APPICON_NAME = AppIcon;
				ASSETCATALOG_COMPILER_GLOBAL_ACCENT_COLOR_NAME = AccentColor;
				CODE_SIGN_STYLE = Automatic;
				CURRENT_PROJECT_VERSION = 1;
				DEVELOPMENT_ASSET_PATHS = "\"PersonalSwifGuide - UIkit - SwiftUI/Preview Content\"";
				DEVELOPMENT_TEAM = 895264CP6B;
				ENABLE_PREVIEWS = YES;
				GENERATE_INFOPLIST_FILE = YES;
				INFOPLIST_KEY_UIApplicationSceneManifest_Generation = YES;
				INFOPLIST_KEY_UIApplicationSupportsIndirectInputEvents = YES;
				INFOPLIST_KEY_UILaunchScreen_Generation = YES;
				INFOPLIST_KEY_UISupportedInterfaceOrientations_iPad = "UIInterfaceOrientationPortrait UIInterfaceOrientationPortraitUpsideDown UIInterfaceOrientationLandscapeLeft UIInterfaceOrientationLandscapeRight";
				INFOPLIST_KEY_UISupportedInterfaceOrientations_iPhone = "UIInterfaceOrientationPortrait UIInterfaceOrientationLandscapeLeft UIInterfaceOrientationLandscapeRight";
				LD_RUNPATH_SEARCH_PATHS = (
					"$(inherited)",
					"@executable_path/Frameworks",
				);
				MARKETING_VERSION = 1.0;
				PRODUCT_BUNDLE_IDENTIFIER = "brunosapp.PersonalSwifGuide---UIkit---SwiftUI";
				PRODUCT_NAME = "$(TARGET_NAME)";
				SWIFT_EMIT_LOC_STRINGS = YES;
				SWIFT_VERSION = 5.0;
				TARGETED_DEVICE_FAMILY = "1,2";
			};
			name = Release;
		};
/* End XCBuildConfiguration section */

/* Begin XCConfigurationList section */
		1534A8A328DBAA4C00AD4E03 /* Build configuration list for PBXProject "PersonalSwifGuide - UIkit - SwiftUI" */ = {
			isa = XCConfigurationList;
			buildConfigurations = (
				1534A8B428DBAA5000AD4E03 /* Debug */,
				1534A8B528DBAA5000AD4E03 /* Release */,
			);
			defaultConfigurationIsVisible = 0;
			defaultConfigurationName = Release;
		};
		1534A8B628DBAA5000AD4E03 /* Build configuration list for PBXNativeTarget "PersonalSwifGuide - UIkit - SwiftUI" */ = {
			isa = XCConfigurationList;
			buildConfigurations = (
				1534A8B728DBAA5000AD4E03 /* Debug */,
				1534A8B828DBAA5000AD4E03 /* Release */,
			);
			defaultConfigurationIsVisible = 0;
			defaultConfigurationName = Release;
		};
/* End XCConfigurationList section */

/* Begin XCVersionGroup section */
		1534A8BA28DBABB100AD4E03 /* DataModelExample.xcdatamodeld */ = {
			isa = XCVersionGroup;
			children = (
				1534A8BB28DBABB200AD4E03 /* DataModelExample.xcdatamodel */,
			);
			currentVersion = 1534A8BB28DBABB200AD4E03 /* DataModelExample.xcdatamodel */;
			path = DataModelExample.xcdatamodeld;
			sourceTree = "<group>";
			versionGroupType = wrapper.xcdatamodel;
		};
/* End XCVersionGroup section */
	};
	rootObject = 1534A8A028DBAA4C00AD4E03 /* Project object */;
}
